{
  "version": "3",
  "packages": {
    "specifiers": {
      "jsr:@std/assert@^0.224.0": "jsr:@std/assert@0.224.0",
      "jsr:@std/bytes@^0.224.0": "jsr:@std/bytes@0.224.0",
      "jsr:@std/io": "jsr:@std/io@0.224.0"
    },
    "jsr": {
      "@std/assert@0.224.0": {
        "integrity": "8643233ec7aec38a940a8264a6e3eed9bfa44e7a71cc6b3c8874213ff401967f"
      },
      "@std/bytes@0.224.0": {
        "integrity": "a2250e1d0eb7d1c5a426f21267ab9bdeac2447fa87a3d0d1a467d3f7a6058e49"
      },
      "@std/io@0.224.0": {
        "integrity": "0aff885d21d829c050b8a08b1d71b54aed5841aecf227f8d77e99ec529a11e8e",
        "dependencies": [
          "jsr:@std/assert@^0.224.0",
          "jsr:@std/bytes@^0.224.0"
        ]
      }
    }
  },
  "redirects": {
    "https://deno.land/x/notion_sdk/src/mod.ts": "https://deno.land/x/notion_sdk@v2.2.3/src/mod.ts",
    "https://esm.sh/@supabase/supabase-js@2": "https://esm.sh/@supabase/supabase-js@2.43.2"
  },
  "remote": {
    "https://deno.land/std@0.224.0/dotenv/mod.ts": "0180eaeedaaf88647318811cdaa418cc64dc51fb08354f91f5f480d0a1309f7d",
    "https://deno.land/std@0.224.0/dotenv/parse.ts": "09977ff88dfd1f24f9973a338f0f91bbdb9307eb5ff6085446e7c423e4c7ba0c",
    "https://deno.land/std@0.224.0/dotenv/stringify.ts": "275da322c409170160440836342eaa7cf012a1d11a7e700d8ca4e7f2f8aa4615",
    "https://deno.land/x/amqp@v0.24.0/deps.ts": "3c7f1df8ab027aeb207cad3a0368f0eddebca1b77dfccb49f6786d7162c9e643",
    "https://deno.land/x/amqp@v0.24.0/mod.ts": "faff39741bf2cc9640917e04fcb8af605fde0ca1809b7e4f347739584b394fad",
    "https://deno.land/x/amqp@v0.24.0/src/amqp_channel.ts": "a1f3ac0d9490221b58f0fcc026a47ab4a3cf7165d006b532bcbe29acde65771d",
    "https://deno.land/x/amqp@v0.24.0/src/amqp_codec.ts": "c1c0aae881df2b3ba8a3b0a56ffa0d939e40bd8a893bea649e7eb32020d21028",
    "https://deno.land/x/amqp@v0.24.0/src/amqp_connect.ts": "4fef3d21f88e42dc938b4498e05c133979d2eb2c811e3084df84047000fa4841",
    "https://deno.land/x/amqp@v0.24.0/src/amqp_connect_options.ts": "08b21c92c519288b15cb747ca89a40671256ffda1443f16f17074ed54b0fe277",
    "https://deno.land/x/amqp@v0.24.0/src/amqp_connection.ts": "cdb805abacee6d66c27e979acc0414933bbd53e68446c12fd7a216ad9af39676",
    "https://deno.land/x/amqp@v0.24.0/src/amqp_constants.ts": "2a1b2c95a27fac8d4179ac3418b6ed92d77e133d77b7733848f6b100a066d3ca",
    "https://deno.land/x/amqp@v0.24.0/src/amqp_frame_reader.ts": "89e0fc54cef94fd35aa6bc39d638cf21a663c0a959afde8a2bd362dbbfcd209c",
    "https://deno.land/x/amqp@v0.24.0/src/amqp_multiplexer.ts": "59697354c82cf7c2858aa5ddf36f7dde22d4946f6a69ac6f1215c95cba839a04",
    "https://deno.land/x/amqp@v0.24.0/src/amqp_socket.ts": "03c7c405117c96721efe545f6124c48c47eb3ce062ae4786fa009322b2c0a775",
    "https://deno.land/x/amqp@v0.24.0/src/amqp_types.ts": "0ef672bb09a0861be1b4d065c499bd108764eb9e1b2e4ac4ffda74a32a36d8ca",
    "https://deno.land/x/amqp@v0.24.0/src/encoding/amqp_decoder.ts": "1deff5e3394f24e34a261f0c7355fb390238c182aec433aeac3d7b22e5c66730",
    "https://deno.land/x/amqp@v0.24.0/src/encoding/amqp_encoder.ts": "0d9c62652229ec3675b440492046bacfdaf81c60a853667626d0eb9e2320d574",
    "https://deno.land/x/amqp@v0.24.0/src/encoding/amqp_field_types.ts": "fb02a61b2aec30390b5e35d3414ce734d26e1b53dd8ffc48280060c6673f5263",
    "https://deno.land/x/amqp@v0.24.0/src/encoding/mod.ts": "1951e9db3dace0027e98c42098c6021ec3b6bfad43bf869060840cd020c5f36a",
    "https://deno.land/x/amqp@v0.24.0/src/encoding/utils.ts": "01f6c0c1fdcd1f9d14fc38f69f00e362661b56ffec984f49b4c401bd0a1cc6cf",
    "https://deno.land/x/amqp@v0.24.0/src/error_handling.ts": "7566ca255ce33aae0ababfeb47b528baca534025361aa473c9fee6ca7454e8c6",
    "https://deno.land/x/amqp@v0.24.0/src/frame_error.ts": "a6d792175f20a78949980c94df7a7561fa951088712617d9a311cd373676f47c",
    "https://deno.land/x/amqp@v0.24.0/src/resolvable.ts": "9c5e0ee3368178f3ea307cfd769a04162934aafdbbf0e0b5b90bff191d11186b",
    "https://deno.land/x/notion_sdk@v2.2.3/src/Client.ts": "00938a998e9aa825688979e6b51669f12387ff9800477dda255ca325a7868de8",
    "https://deno.land/x/notion_sdk@v2.2.3/src/api-endpoints.ts": "2390b0e86be564a00e1b97f2cf2877f5ffbe09221208cf93f865ce45ef71b27b",
    "https://deno.land/x/notion_sdk@v2.2.3/src/errors.ts": "43a4845c2e6576ccee7c6056172a194a6baefc3957d1ac92af6420297883197a",
    "https://deno.land/x/notion_sdk@v2.2.3/src/helpers.ts": "f5623eb0999cdbaede187af6737eac4cd557d089ee09399bd920d3d55b296743",
    "https://deno.land/x/notion_sdk@v2.2.3/src/logging.ts": "78ff1ed03a20a356b9c9f2cb080aaafec80702c9c292d3a6d229f34e39be6869",
    "https://deno.land/x/notion_sdk@v2.2.3/src/mod.ts": "fd42505b28c4dcc791369f2a070a4871799aa86bbfdb39f60745dd7746a4e684",
    "https://deno.land/x/notion_sdk@v2.2.3/src/type-utils.ts": "f533961a11ca45b4362de4688087104da18c37f5fc081c2d388112891287f033",
    "https://deno.land/x/notion_sdk@v2.2.3/src/utils.ts": "e47eefcad19c6b4ce4c5ee7f34e9201edf4ba7af5f9e3fababc3253e0bb637cd",
    "https://esm.sh/@supabase/supabase-js@2.43.2": "2d2eadd636b6a01eca889841232b1ea35c67f3ca03cc0d1237dd728ddefa6be0",
    "https://esm.sh/lodash@4.17.21": "cf3544d5159a7648b25ad21fcf8dbf08a1fbfb1415b70b4163da646ef83eec4a",
    "https://esm.sh/v135/@supabase/auth-js@2.64.2/denonext/auth-js.mjs": "f87ccfa4e23123f7ab122f814fa37ce26c00457a3e32cea718a726d72fec1f37",
    "https://esm.sh/v135/@supabase/functions-js@2.3.1/denonext/functions-js.mjs": "c10a0bbd935fc12cae58918b8e23cb339d54c443983caeb597dd8cd76a76f940",
    "https://esm.sh/v135/@supabase/node-fetch@2.6.15/denonext/node-fetch.mjs": "efad00ea3d4cbe1bee688836ef75339d49a1981bc5728a13e9ad5f26791d5efb",
    "https://esm.sh/v135/@supabase/postgrest-js@1.15.2/denonext/postgrest-js.mjs": "1d36cf3106c6dd6ce21473b57d88478802ceef6d22e67af1f92c508607302e50",
    "https://esm.sh/v135/@supabase/realtime-js@2.9.5/denonext/realtime-js.mjs": "a8648545237fed582a2a01d72d2d9ed9fa28b6adbcba8a844c58cc90d526760d",
    "https://esm.sh/v135/@supabase/storage-js@2.5.5/denonext/storage-js.mjs": "66e29e4e55c7d396503e2d1d9376cfbc34f046b962bce4524c2d80b209fff413",
    "https://esm.sh/v135/@supabase/supabase-js@2.43.2/denonext/supabase-js.mjs": "88bb54f93707b5f2c5bd3ec4a7f7cde7c3d1eb9de29c188da1bae34eb68559bf",
    "https://esm.sh/v135/bufferutil@4.0.8/denonext/bufferutil.mjs": "60a4618cbd1a5cb24935c55590b793d4ecb33862357d32e1d4614a0bbb90947f",
    "https://esm.sh/v135/lodash@4.17.21/denonext/lodash.mjs": "f04a5db09228738fd8cd06b6d1eaf3463b1b639d1529cf11673c3ac7bda1b1a8",
    "https://esm.sh/v135/node-gyp-build@4.6.1/denonext/node-gyp-build.mjs": "5d28b312f145a6cb2ec0dbdd80a7d34c0e0e6b5dcada65411d8bcff6c8991cc6",
    "https://esm.sh/v135/utf-8-validate@6.0.3/denonext/utf-8-validate.mjs": "410c48d66840e987e474a4849cd25829817415cedd25466280effb1287d05aa5",
    "https://esm.sh/v135/ws@8.17.0/denonext/ws.mjs": "098384c6d6b787c4074dae8141a61bfa93a271ccb699b4b426c75141c9ef5560"
  }
}
